// !$*UTF8*$!
{
	archiveVersion = 1;
	classes = {
	};
	objectVersion = 46;
	objects = {

/* Begin PBXBuildFile section */
		962610DC1E4C6AD600734ECF /* CurtainSlideController.m in Sources */ = {isa = PBXBuildFile; fileRef = 962610DB1E4C6AD600734ECF /* CurtainSlideController.m */; };
		962610DF1E4C6B0300734ECF /* WebViewController.m in Sources */ = {isa = PBXBuildFile; fileRef = 962610DE1E4C6B0300734ECF /* WebViewController.m */; };
		963D8E4F1E4C57A900E971E4 /* main.m in Sources */ = {isa = PBXBuildFile; fileRef = 963D8E4E1E4C57A900E971E4 /* main.m */; };
		963D8E521E4C57A900E971E4 /* AppDelegate.m in Sources */ = {isa = PBXBuildFile; fileRef = 963D8E511E4C57A900E971E4 /* AppDelegate.m */; };
		963D8E581E4C57A900E971E4 /* Main.storyboard in Resources */ = {isa = PBXBuildFile; fileRef = 963D8E561E4C57A900E971E4 /* Main.storyboard */; };
		963D8E5A1E4C57A900E971E4 /* Assets.xcassets in Resources */ = {isa = PBXBuildFile; fileRef = 963D8E591E4C57A900E971E4 /* Assets.xcassets */; };
		963D8E5D1E4C57A900E971E4 /* LaunchScreen.storyboard in Resources */ = {isa = PBXBuildFile; fileRef = 963D8E5B1E4C57A900E971E4 /* LaunchScreen.storyboard */; };
		963D8E681E4C57A900E971E4 /* CurtainSlideDemoTests.m in Sources */ = {isa = PBXBuildFile; fileRef = 963D8E671E4C57A900E971E4 /* CurtainSlideDemoTests.m */; };
		963D8E731E4C57A900E971E4 /* CurtainSlideDemoUITests.m in Sources */ = {isa = PBXBuildFile; fileRef = 963D8E721E4C57A900E971E4 /* CurtainSlideDemoUITests.m */; };
/* End PBXBuildFile section */

/* Begin PBXContainerItemProxy section */
		963D8E641E4C57A900E971E4 /* PBXContainerItemProxy */ = {
			isa = PBXContainerItemProxy;
			containerPortal = 963D8E421E4C57A900E971E4 /* Project object */;
			proxyType = 1;
			remoteGlobalIDString = 963D8E491E4C57A900E971E4;
			remoteInfo = CurtainSlideDemo;
		};
		963D8E6F1E4C57A900E971E4 /* PBXContainerItemProxy */ = {
			isa = PBXContainerItemProxy;
			containerPortal = 963D8E421E4C57A900E971E4 /* Project object */;
			proxyType = 1;
			remoteGlobalIDString = 963D8E491E4C57A900E971E4;
			remoteInfo = CurtainSlideDemo;
		};
/* End PBXContainerItemProxy section */

/* Begin PBXFileReference section */
		962610DA1E4C6AD600734ECF /* CurtainSlideController.h */ = {isa = PBXFileReference; fileEncoding = 4; lastKnownFileType = sourcecode.c.h; path = CurtainSlideController.h; sourceTree = "<group>"; };
		962610DB1E4C6AD600734ECF /* CurtainSlideController.m */ = {isa = PBXFileReference; fileEncoding = 4; lastKnownFileType = sourcecode.c.objc; path = CurtainSlideController.m; sourceTree = "<group>"; };
		962610DD1E4C6B0300734ECF /* WebViewController.h */ = {isa = PBXFileReference; fileEncoding = 4; lastKnownFileType = sourcecode.c.h; name = WebViewController.h; path = ../WebViewController.h; sourceTree = "<group>"; };
		962610DE1E4C6B0300734ECF /* WebViewController.m */ = {isa = PBXFileReference; fileEncoding = 4; lastKnownFileType = sourcecode.c.objc; name = WebViewController.m; path = ../WebViewController.m; sourceTree = "<group>"; };
		963D8E4A1E4C57A900E971E4 /* CurtainSlideDemo.app */ = {isa = PBXFileReference; explicitFileType = wrapper.application; includeInIndex = 0; path = CurtainSlideDemo.app; sourceTree = BUILT_PRODUCTS_DIR; };
		963D8E4E1E4C57A900E971E4 /* main.m */ = {isa = PBXFileReference; lastKnownFileType = sourcecode.c.objc; path = main.m; sourceTree = "<group>"; };
		963D8E501E4C57A900E971E4 /* AppDelegate.h */ = {isa = PBXFileReference; lastKnownFileType = sourcecode.c.h; path = AppDelegate.h; sourceTree = "<group>"; };
		963D8E511E4C57A900E971E4 /* AppDelegate.m */ = {isa = PBXFileReference; lastKnownFileType = sourcecode.c.objc; path = AppDelegate.m; sourceTree = "<group>"; };
		963D8E571E4C57A900E971E4 /* Base */ = {isa = PBXFileReference; lastKnownFileType = file.storyboard; name = Base; path = Base.lproj/Main.storyboard; sourceTree = "<group>"; };
		963D8E591E4C57A900E971E4 /* Assets.xcassets */ = {isa = PBXFileReference; lastKnownFileType = folder.assetcatalog; path = Assets.xcassets; sourceTree = "<group>"; };
		963D8E5C1E4C57A900E971E4 /* Base */ = {isa = PBXFileReference; lastKnownFileType = file.storyboard; name = Base; path = Base.lproj/LaunchScreen.storyboard; sourceTree = "<group>"; };
		963D8E5E1E4C57A900E971E4 /* Info.plist */ = {isa = PBXFileReference; lastKnownFileType = text.plist.xml; path = Info.plist; sourceTree = "<group>"; };
		963D8E631E4C57A900E971E4 /* CurtainSlideDemoTests.xctest */ = {isa = PBXFileReference; explicitFileType = wrapper.cfbundle; includeInIndex = 0; path = CurtainSlideDemoTests.xctest; sourceTree = BUILT_PRODUCTS_DIR; };
		963D8E671E4C57A900E971E4 /* CurtainSlideDemoTests.m */ = {isa = PBXFileReference; lastKnownFileType = sourcecode.c.objc; path = CurtainSlideDemoTests.m; sourceTree = "<group>"; };
		963D8E691E4C57A900E971E4 /* Info.plist */ = {isa = PBXFileReference; lastKnownFileType = text.plist.xml; path = Info.plist; sourceTree = "<group>"; };
		963D8E6E1E4C57A900E971E4 /* CurtainSlideDemoUITests.xctest */ = {isa = PBXFileReference; explicitFileType = wrapper.cfbundle; includeInIndex = 0; path = CurtainSlideDemoUITests.xctest; sourceTree = BUILT_PRODUCTS_DIR; };
		963D8E721E4C57A900E971E4 /* CurtainSlideDemoUITests.m */ = {isa = PBXFileReference; lastKnownFileType = sourcecode.c.objc; path = CurtainSlideDemoUITests.m; sourceTree = "<group>"; };
		963D8E741E4C57A900E971E4 /* Info.plist */ = {isa = PBXFileReference; lastKnownFileType = text.plist.xml; path = Info.plist; sourceTree = "<group>"; };
/* End PBXFileReference section */

/* Begin PBXFrameworksBuildPhase section */
		963D8E471E4C57A900E971E4 /* Frameworks */ = {
			isa = PBXFrameworksBuildPhase;
			buildActionMask = 2147483647;
			files = (
			);
			runOnlyForDeploymentPostprocessing = 0;
		};
		963D8E601E4C57A900E971E4 /* Frameworks */ = {
			isa = PBXFrameworksBuildPhase;
			buildActionMask = 2147483647;
			files = (
			);
			runOnlyForDeploymentPostprocessing = 0;
		};
		963D8E6B1E4C57A900E971E4 /* Frameworks */ = {
			isa = PBXFrameworksBuildPhase;
			buildActionMask = 2147483647;
			files = (
			);
			runOnlyForDeploymentPostprocessing = 0;
		};
/* End PBXFrameworksBuildPhase section */

/* Begin PBXGroup section */
		963D8E411E4C57A900E971E4 = {
			isa = PBXGroup;
			children = (
				963D8E4C1E4C57A900E971E4 /* CurtainSlideDemo */,
				963D8E661E4C57A900E971E4 /* CurtainSlideDemoTests */,
				963D8E711E4C57A900E971E4 /* CurtainSlideDemoUITests */,
				963D8E4B1E4C57A900E971E4 /* Products */,
			);
			sourceTree = "<group>";
		};
		963D8E4B1E4C57A900E971E4 /* Products */ = {
			isa = PBXGroup;
			children = (
				963D8E4A1E4C57A900E971E4 /* CurtainSlideDemo.app */,
				963D8E631E4C57A900E971E4 /* CurtainSlideDemoTests.xctest */,
				963D8E6E1E4C57A900E971E4 /* CurtainSlideDemoUITests.xctest */,
			);
			name = Products;
			sourceTree = "<group>";
		};
		963D8E4C1E4C57A900E971E4 /* CurtainSlideDemo */ = {
			isa = PBXGroup;
			children = (
				963D8E801E4C5B2400E971E4 /* CurtainSlide */,
				963D8E501E4C57A900E971E4 /* AppDelegate.h */,
				963D8E511E4C57A900E971E4 /* AppDelegate.m */,
				963D8E561E4C57A900E971E4 /* Main.storyboard */,
				963D8E591E4C57A900E971E4 /* Assets.xcassets */,
				963D8E5B1E4C57A900E971E4 /* LaunchScreen.storyboard */,
				963D8E5E1E4C57A900E971E4 /* Info.plist */,
				963D8E4D1E4C57A900E971E4 /* Supporting Files */,
			);
			path = CurtainSlideDemo;
			sourceTree = "<group>";
		};
		963D8E4D1E4C57A900E971E4 /* Supporting Files */ = {
			isa = PBXGroup;
			children = (
				963D8E4E1E4C57A900E971E4 /* main.m */,
			);
			name = "Supporting Files";
			sourceTree = "<group>";
		};
		963D8E661E4C57A900E971E4 /* CurtainSlideDemoTests */ = {
			isa = PBXGroup;
			children = (
				963D8E671E4C57A900E971E4 /* CurtainSlideDemoTests.m */,
				963D8E691E4C57A900E971E4 /* Info.plist */,
			);
			path = CurtainSlideDemoTests;
			sourceTree = "<group>";
		};
		963D8E711E4C57A900E971E4 /* CurtainSlideDemoUITests */ = {
			isa = PBXGroup;
			children = (
				963D8E721E4C57A900E971E4 /* CurtainSlideDemoUITests.m */,
				963D8E741E4C57A900E971E4 /* Info.plist */,
			);
			path = CurtainSlideDemoUITests;
			sourceTree = "<group>";
		};
		963D8E801E4C5B2400E971E4 /* CurtainSlide */ = {
			isa = PBXGroup;
			children = (
				962610DD1E4C6B0300734ECF /* WebViewController.h */,
				962610DE1E4C6B0300734ECF /* WebViewController.m */,
				962610DA1E4C6AD600734ECF /* CurtainSlideController.h */,
				962610DB1E4C6AD600734ECF /* CurtainSlideController.m */,
			);
			name = CurtainSlide;
			sourceTree = "<group>";
		};
/* End PBXGroup section */

/* Begin PBXNativeTarget section */
		963D8E491E4C57A900E971E4 /* CurtainSlideDemo */ = {
			isa = PBXNativeTarget;
			buildConfigurationList = 963D8E771E4C57A900E971E4 /* Build configuration list for PBXNativeTarget "CurtainSlideDemo" */;
			buildPhases = (
				963D8E461E4C57A900E971E4 /* Sources */,
				963D8E471E4C57A900E971E4 /* Frameworks */,
				963D8E481E4C57A900E971E4 /* Resources */,
			);
			buildRules = (
			);
			dependencies = (
			);
			name = CurtainSlideDemo;
			productName = CurtainSlideDemo;
			productReference = 963D8E4A1E4C57A900E971E4 /* CurtainSlideDemo.app */;
			productType = "com.apple.product-type.application";
		};
		963D8E621E4C57A900E971E4 /* CurtainSlideDemoTests */ = {
			isa = PBXNativeTarget;
			buildConfigurationList = 963D8E7A1E4C57A900E971E4 /* Build configuration list for PBXNativeTarget "CurtainSlideDemoTests" */;
			buildPhases = (
				963D8E5F1E4C57A900E971E4 /* Sources */,
				963D8E601E4C57A900E971E4 /* Frameworks */,
				963D8E611E4C57A900E971E4 /* Resources */,
			);
			buildRules = (
			);
			dependencies = (
				963D8E651E4C57A900E971E4 /* PBXTargetDependency */,
			);
			name = CurtainSlideDemoTests;
			productName = CurtainSlideDemoTests;
			productReference = 963D8E631E4C57A900E971E4 /* CurtainSlideDemoTests.xctest */;
			productType = "com.apple.product-type.bundle.unit-test";
		};
		963D8E6D1E4C57A900E971E4 /* CurtainSlideDemoUITests */ = {
			isa = PBXNativeTarget;
			buildConfigurationList = 963D8E7D1E4C57A900E971E4 /* Build configuration list for PBXNativeTarget "CurtainSlideDemoUITests" */;
			buildPhases = (
				963D8E6A1E4C57A900E971E4 /* Sources */,
				963D8E6B1E4C57A900E971E4 /* Frameworks */,
				963D8E6C1E4C57A900E971E4 /* Resources */,
			);
			buildRules = (
			);
			dependencies = (
				963D8E701E4C57A900E971E4 /* PBXTargetDependency */,
			);
			name = CurtainSlideDemoUITests;
			productName = CurtainSlideDemoUITests;
			productReference = 963D8E6E1E4C57A900E971E4 /* CurtainSlideDemoUITests.xctest */;
			productType = "com.apple.product-type.bundle.ui-testing";
		};
/* End PBXNativeTarget section */

/* Begin PBXProject section */
		963D8E421E4C57A900E971E4 /* Project object */ = {
			isa = PBXProject;
			attributes = {
				LastUpgradeCheck = 0810;
				ORGANIZATIONNAME = iOSDeveloper003;
				TargetAttributes = {
					963D8E491E4C57A900E971E4 = {
						CreatedOnToolsVersion = 8.1;
						DevelopmentTeam = PMP72N64FV;
						ProvisioningStyle = Automatic;
					};
					963D8E621E4C57A900E971E4 = {
						CreatedOnToolsVersion = 8.1;
						DevelopmentTeam = PMP72N64FV;
						ProvisioningStyle = Automatic;
						TestTargetID = 963D8E491E4C57A900E971E4;
					};
					963D8E6D1E4C57A900E971E4 = {
						CreatedOnToolsVersion = 8.1;
						DevelopmentTeam = PMP72N64FV;
						ProvisioningStyle = Automatic;
						TestTargetID = 963D8E491E4C57A900E971E4;
					};
				};
			};
			buildConfigurationList = 963D8E451E4C57A900E971E4 /* Build configuration list for PBXProject "CurtainSlideDemo" */;
			compatibilityVersion = "Xcode 3.2";
			developmentRegion = English;
			hasScannedForEncodings = 0;
			knownRegions = (
				en,
				Base,
			);
			mainGroup = 963D8E411E4C57A900E971E4;
			productRefGroup = 963D8E4B1E4C57A900E971E4 /* Products */;
			projectDirPath = "";
			projectRoot = "";
			targets = (
				963D8E491E4C57A900E971E4 /* CurtainSlideDemo */,
				963D8E621E4C57A900E971E4 /* CurtainSlideDemoTests */,
				963D8E6D1E4C57A900E971E4 /* CurtainSlideDemoUITests */,
			);
		};
/* End PBXProject section */

/* Begin PBXResourcesBuildPhase section */
		963D8E481E4C57A900E971E4 /* Resources */ = {
			isa = PBXResourcesBuildPhase;
			buildActionMask = 2147483647;
			files = (
				963D8E5D1E4C57A900E971E4 /* LaunchScreen.storyboard in Resources */,
				963D8E5A1E4C57A900E971E4 /* Assets.xcassets in Resources */,
				963D8E581E4C57A900E971E4 /* Main.storyboard in Resources */,
			);
			runOnlyForDeploymentPostprocessing = 0;
		};
		963D8E611E4C57A900E971E4 /* Resources */ = {
			isa = PBXResourcesBuildPhase;
			buildActionMask = 2147483647;
			files = (
			);
			runOnlyForDeploymentPostprocessing = 0;
		};
		963D8E6C1E4C57A900E971E4 /* Resources */ = {
			isa = PBXResourcesBuildPhase;
			buildActionMask = 2147483647;
			files = (
			);
			runOnlyForDeploymentPostprocessing = 0;
		};
/* End PBXResourcesBuildPhase section */

/* Begin PBXSourcesBuildPhase section */
		963D8E461E4C57A900E971E4 /* Sources */ = {
			isa = PBXSourcesBuildPhase;
			buildActionMask = 2147483647;
			files = (
				962610DF1E4C6B0300734ECF /* WebViewController.m in Sources */,
				963D8E521E4C57A900E971E4 /* AppDelegate.m in Sources */,
				962610DC1E4C6AD600734ECF /* CurtainSlideController.m in Sources */,
				963D8E4F1E4C57A900E971E4 /* main.m in Sources */,
			);
			runOnlyForDeploymentPostprocessing = 0;
		};
		963D8E5F1E4C57A900E971E4 /* Sources */ = {
			isa = PBXSourcesBuildPhase;
			buildActionMask = 2147483647;
			files = (
				963D8E681E4C57A900E971E4 /* CurtainSlideDemoTests.m in Sources */,
			);
			runOnlyForDeploymentPostprocessing = 0;
		};
		963D8E6A1E4C57A900E971E4 /* Sources */ = {
			isa = PBXSourcesBuildPhase;
			buildActionMask = 2147483647;
			files = (
				963D8E731E4C57A900E971E4 /* CurtainSlideDemoUITests.m in Sources */,
			);
			runOnlyForDeploymentPostprocessing = 0;
		};
/* End PBXSourcesBuildPhase section */

/* Begin PBXTargetDependency section */
		963D8E651E4C57A900E971E4 /* PBXTargetDependency */ = {
			isa = PBXTargetDependency;
			target = 963D8E491E4C57A900E971E4 /* CurtainSlideDemo */;
			targetProxy = 963D8E641E4C57A900E971E4 /* PBXContainerItemProxy */;
		};
		963D8E701E4C57A900E971E4 /* PBXTargetDependency */ = {
			isa = PBXTargetDependency;
			target = 963D8E491E4C57A900E971E4 /* CurtainSlideDemo */;
			targetProxy = 963D8E6F1E4C57A900E971E4 /* PBXContainerItemProxy */;
		};
/* End PBXTargetDependency section */

/* Begin PBXVariantGroup section */
		963D8E561E4C57A900E971E4 /* Main.storyboard */ = {
			isa = PBXVariantGroup;
			children = (
				963D8E571E4C57A900E971E4 /* Base */,
			);
			name = Main.storyboard;
			sourceTree = "<group>";
		};
		963D8E5B1E4C57A900E971E4 /* LaunchScreen.storyboard */ = {
			isa = PBXVariantGroup;
			children = (
				963D8E5C1E4C57A900E971E4 /* Base */,
			);
			name = LaunchScreen.storyboard;
			sourceTree = "<group>";
		};
/* End PBXVariantGroup section */

/* Begin XCBuildConfiguration section */
		963D8E751E4C57A900E971E4 /* Debug */ = {
			isa = XCBuildConfiguration;
			buildSettings = {
				ALWAYS_SEARCH_USER_PATHS = NO;
				CLANG_ANALYZER_NONNULL = YES;
				CLANG_CXX_LANGUAGE_STANDARD = "gnu++0x";
				CLANG_CXX_LIBRARY = "libc++";
				CLANG_ENABLE_MODULES = YES;
				CLANG_ENABLE_OBJC_ARC = YES;
				CLANG_WARN_BOOL_CONVERSION = YES;
				CLANG_WARN_CONSTANT_CONVERSION = YES;
				CLANG_WARN_DIRECT_OBJC_ISA_USAGE = YES_ERROR;
				CLANG_WARN_DOCUMENTATION_COMMENTS = YES;
				CLANG_WARN_EMPTY_BODY = YES;
				CLANG_WARN_ENUM_CONVERSION = YES;
				CLANG_WARN_INFINITE_RECURSION = YES;
				CLANG_WARN_INT_CONVERSION = YES;
				CLANG_WARN_OBJC_ROOT_CLASS = YES_ERROR;
				CLANG_WARN_SUSPICIOUS_MOVES = YES;
				CLANG_WARN_UNREACHABLE_CODE = YES;
				CLANG_WARN__DUPLICATE_METHOD_MATCH = YES;
				"CODE_SIGN_IDENTITY[sdk=iphoneos*]" = "iPhone Developer";
				COPY_PHASE_STRIP = NO;
				DEBUG_INFORMATION_FORMAT = dwarf;
				ENABLE_STRICT_OBJC_MSGSEND = YES;
				ENABLE_TESTABILITY = YES;
				GCC_C_LANGUAGE_STANDARD = gnu99;
				GCC_DYNAMIC_NO_PIC = NO;
				GCC_NO_COMMON_BLOCKS = YES;
				GCC_OPTIMIZATION_LEVEL = 0;
				GCC_PREPROCESSOR_DEFINITIONS = (
					"DEBUG=1",
					"$(inherited)",
				);
				GCC_WARN_64_TO_32_BIT_CONVERSION = YES;
				GCC_WARN_ABOUT_RETURN_TYPE = YES_ERROR;
				GCC_WARN_UNDECLARED_SELECTOR = YES;
				GCC_WARN_UNINITIALIZED_AUTOS = YES_AGGRESSIVE;
				GCC_WARN_UNUSED_FUNCTION = YES;
				GCC_WARN_UNUSED_VARIABLE = YES;
				IPHONEOS_DEPLOYMENT_TARGET = 10.1;
				MTL_ENABLE_DEBUG_INFO = YES;
				ONLY_ACTIVE_ARCH = YES;
				SDKROOT = iphoneos;
			};
			name = Debug;
		};
		963D8E761E4C57A900E971E4 /* Release */ = {
			isa = XCBuildConfiguration;
			buildSettings = {
				ALWAYS_SEARCH_USER_PATHS = NO;
				CLANG_ANALYZER_NONNULL = YES;
				CLANG_CXX_LANGUAGE_STANDARD = "gnu++0x";
				CLANG_CXX_LIBRARY = "libc++";
				CLANG_ENABLE_MODULES = YES;
				CLANG_ENABLE_OBJC_ARC = YES;
				CLANG_WARN_BOOL_CONVERSION = YES;
				CLANG_WARN_CONSTANT_CONVERSION = YES;
				CLANG_WARN_DIRECT_OBJC_ISA_USAGE = YES_ERROR;
				CLANG_WARN_DOCUMENTATION_COMMENTS = YES;
				CLANG_WARN_EMPTY_BODY = YES;
				CLANG_WARN_ENUM_CONVERSION = YES;
				CLANG_WARN_INFINITE_RECURSION = YES;
				CLANG_WARN_INT_CONVERSION = YES;
				CLANG_WARN_OBJC_ROOT_CLASS = YES_ERROR;
				CLANG_WARN_SUSPICIOUS_MOVES = YES;
				CLANG_WARN_UNREACHABLE_CODE = YES;
				CLANG_WARN__DUPLICATE_METHOD_MATCH = YES;
				"CODE_SIGN_IDENTITY[sdk=iphoneos*]" = "iPhone Developer";
				COPY_PHASE_STRIP = NO;
				DEBUG_INFORMATION_FORMAT = "dwarf-with-dsym";
				ENABLE_NS_ASSERTIONS = NO;
				ENABLE_STRICT_OBJC_MSGSEND = YES;
				GCC_C_LANGUAGE_STANDARD = gnu99;
				GCC_NO_COMMON_BLOCKS = YES;
				GCC_WARN_64_TO_32_BIT_CONVERSION = YES;
				GCC_WARN_ABOUT_RETURN_TYPE = YES_ERROR;
				GCC_WARN_UNDECLARED_SELECTOR = YES;
				GCC_WARN_UNINITIALIZED_AUTOS = YES_AGGRESSIVE;
				GCC_WARN_UNUSED_FUNCTION = YES;
				GCC_WARN_UNUSED_VARIABLE = YES;
				IPHONEOS_DEPLOYMENT_TARGET = 10.1;
				MTL_ENABLE_DEBUG_INFO = NO;
				SDKROOT = iphoneos;
				VALIDATE_PRODUCT = YES;
			};
			name = Release;
		};
		963D8E781E4C57A900E971E4 /* Debug */ = {
			isa = XCBuildConfiguration;
			buildSettings = {
				ASSETCATALOG_COMPILER_APPICON_NAME = AppIcon;
				DEVELOPMENT_TEAM = PMP72N64FV;
				INFOPLIST_FILE = CurtainSlideDemo/Info.plist;
				IPHONEOS_DEPLOYMENT_TARGET = 8.0;
				LD_RUNPATH_SEARCH_PATHS = "$(inherited) @executable_path/Frameworks";
				PRODUCT_BUNDLE_IDENTIFIER = com.fallrainy.CurtainSlideDemo;
				PRODUCT_NAME = "$(TARGET_NAME)";
			};
			name = Debug;
		};
		963D8E791E4C57A900E971E4 /* Release */ = {
			isa = XCBuildConfiguration;
			buildSettings = {
				ASSETCATALOG_COMPILER_APPICON_NAME = AppIcon;
				DEVELOPMENT_TEAM = PMP72N64FV;
				INFOPLIST_FILE = CurtainSlideDemo/Info.plist;
				IPHONEOS_DEPLOYMENT_TARGET = 8.0;
				LD_RUNPATH_SEARCH_PATHS = "$(inherited) @executable_path/Frameworks";
				PRODUCT_BUNDLE_IDENTIFIER = com.fallrainy.CurtainSlideDemo;
				PRODUCT_NAME = "$(TARGET_NAME)";
			};
			name = Release;
		};
		963D8E7B1E4C57A900E971E4 /* Debug */ = {
			isa = XCBuildConfiguration;
			buildSettings = {
				BUNDLE_LOADER = "$(TEST_HOST)";
				DEVELOPMENT_TEAM = PMP72N64FV;
				INFOPLIST_FILE = CurtainSlideDemoTests/Info.plist;
				LD_RUNPATH_SEARCH_PATHS = "$(inherited) @executable_path/Frameworks @loader_path/Frameworks";
				PRODUCT_BUNDLE_IDENTIFIER = com.60xin.JSPatchEvalute.CurtainSlideDemoTests;
				PRODUCT_NAME = "$(TARGET_NAME)";
				TEST_HOST = "$(BUILT_PRODUCTS_DIR)/CurtainSlideDemo.app/CurtainSlideDemo";
			};
			name = Debug;
		};
		963D8E7C1E4C57A900E971E4 /* Release */ = {
			isa = XCBuildConfiguration;
			buildSettings = {
				BUNDLE_LOADER = "$(TEST_HOST)";
				DEVELOPMENT_TEAM = PMP72N64FV;
				INFOPLIST_FILE = CurtainSlideDemoTests/Info.plist;
				LD_RUNPATH_SEARCH_PATHS = "$(inherited) @executable_path/Frameworks @loader_path/Frameworks";
				PRODUCT_BUNDLE_IDENTIFIER = com.60xin.JSPatchEvalute.CurtainSlideDemoTests;
				PRODUCT_NAME = "$(TARGET_NAME)";
				TEST_HOST = "$(BUILT_PRODUCTS_DIR)/CurtainSlideDemo.app/CurtainSlideDemo";
			};
			name = Release;
		};
		963D8E7E1E4C57A900E971E4 /* Debug */ = {
			isa = XCBuildConfiguration;
			buildSettings = {
				DEVELOPMENT_TEAM = PMP72N64FV;
				INFOPLIST_FILE = CurtainSlideDemoUITests/Info.plist;
				LD_RUNPATH_SEARCH_PATHS = "$(inherited) @executable_path/Frameworks @loader_path/Frameworks";
				PRODUCT_BUNDLE_IDENTIFIER = com.60xin.JSPatchEvalute.CurtainSlideDemoUITests;
				PRODUCT_NAME = "$(TARGET_NAME)";
				TEST_TARGET_NAME = CurtainSlideDemo;
			};
			name = Debug;
		};
		963D8E7F1E4C57A900E971E4 /* Release */ = {
			isa = XCBuildConfiguration;
			buildSettings = {
				DEVELOPMENT_TEAM = PMP72N64FV;
				INFOPLIST_FILE = CurtainSlideDemoUITests/Info.plist;
				LD_RUNPATH_SEARCH_PATHS = "$(inherited) @executable_path/Frameworks @loader_path/Frameworks";
				PRODUCT_BUNDLE_IDENTIFIER = com.60xin.JSPatchEvalute.CurtainSlideDemoUITests;
				PRODUCT_NAME = "$(TARGET_NAME)";
				TEST_TARGET_NAME = CurtainSlideDemo;
			};
			name = Release;
		};
/* End XCBuildConfiguration section */

/* Begin XCConfigurationList section */
		963D8E451E4C57A900E971E4 /* Build configuration list for PBXProject "CurtainSlideDemo" */ = {
			isa = XCConfigurationList;
			buildConfigurations = (
				963D8E751E4C57A900E971E4 /* Debug */,
				963D8E761E4C57A900E971E4 /* Release */,
			);
			defaultConfigurationIsVisible = 0;
			defaultConfigurationName = Release;
		};
		963D8E771E4C57A900E971E4 /* Build configuration list for PBXNativeTarget "CurtainSlideDemo" */ = {
			isa = XCConfigurationList;
			buildConfigurations = (
				963D8E781E4C57A900E971E4 /* Debug */,
				963D8E791E4C57A900E971E4 /* Release */,
			);
			defaultConfigurationIsVisible = 0;
			defaultConfigurationName = Release;
		};
		963D8E7A1E4C57A900E971E4 /* Build configuration list for PBXNativeTarget "CurtainSlideDemoTests" */ = {
			isa = XCConfigurationList;
			buildConfigurations = (
				963D8E7B1E4C57A900E971E4 /* Debug */,
				963D8E7C1E4C57A900E971E4 /* Release */,
			);
			defaultConfigurationIsVisible = 0;
			defaultConfigurationName = Release;
		};
		963D8E7D1E4C57A900E971E4 /* Build configuration list for PBXNativeTarget "CurtainSlideDemoUITests" */ = {
			isa = XCConfigurationList;
			buildConfigurations = (
				963D8E7E1E4C57A900E971E4 /* Debug */,
				963D8E7F1E4C57A900E971E4 /* Release */,
			);
			defaultConfigurationIsVisible = 0;
			defaultConfigurationName = Release;
		};
/* End XCConfigurationList section */
	};
	rootObject = 963D8E421E4C57A900E971E4 /* Project object */;
}
